
Microsoft Visual Studio Solution File, Format Version 12.00
# Visual Studio 15
VisualStudioVersion = 15.0.27703.2018
MinimumVisualStudioVersion = 10.0.40219.1
Project("{FAE04EC0-301F-11D3-BF4B-00C04F79EFBC}") = "ECommerce", "ECommerce\ECommerce.csproj", "{1656AD8B-99B9-4267-9C82-4B8D92720339}"
EndProject
Project("{FAE04EC0-301F-11D3-BF4B-00C04F79EFBC}") = "ProductsController.Unit.Tests", "ProductsController.Unit.Tests\ProductsController.Unit.Tests.csproj", "{C8A663C2-AA90-4E45-BFA8-DF8D57FB6DC8}"
EndProject
Project("{FAE04EC0-301F-11D3-BF4B-00C04F79EFBC}") = "ECommerce.Integration.Tests", "ECommerce.Integration.Tests\ECommerce.Integration.Tests.csproj", "{0ACCDC57-0D23-418A-BC00-AC62FFC0D027}"
EndProject
Global
	GlobalSection(SolutionConfigurationPlatforms) = preSolution
		Debug|Any CPU = Debug|Any CPU
		Release|Any CPU = Release|Any CPU
	EndGlobalSection
	GlobalSection(ProjectConfigurationPlatforms) = postSolution
		{1656AD8B-99B9-4267-9C82-4B8D92720339}.Debug|Any CPU.ActiveCfg = Debug|Any CPU
		{1656AD8B-99B9-4267-9C82-4B8D92720339}.Debug|Any CPU.Build.0 = Debug|Any CPU
		{1656AD8B-99B9-4267-9C82-4B8D92720339}.Release|Any CPU.ActiveCfg = Release|Any CPU
		{1656AD8B-99B9-4267-9C82-4B8D92720339}.Release|Any CPU.Build.0 = Release|Any CPU
		{C8A663C2-AA90-4E45-BFA8-DF8D57FB6DC8}.Debug|Any CPU.ActiveCfg = Debug|Any CPU
		{C8A663C2-AA90-4E45-BFA8-DF8D57FB6DC8}.Debug|Any CPU.Build.0 = Debug|Any CPU
		{C8A663C2-AA90-4E45-BFA8-DF8D57FB6DC8}.Release|Any CPU.ActiveCfg = Release|Any CPU
		{C8A663C2-AA90-4E45-BFA8-DF8D57FB6DC8}.Release|Any CPU.Build.0 = Release|Any CPU
		{0ACCDC57-0D23-418A-BC00-AC62FFC0D027}.Debug|Any CPU.ActiveCfg = Debug|Any CPU
		{0ACCDC57-0D23-418A-BC00-AC62FFC0D027}.Debug|Any CPU.Build.0 = Debug|Any CPU
		{0ACCDC57-0D23-418A-BC00-AC62FFC0D027}.Release|Any CPU.ActiveCfg = Release|Any CPU
		{0ACCDC57-0D23-418A-BC00-AC62FFC0D027}.Release|Any CPU.Build.0 = Release|Any CPU
	EndGlobalSection
	GlobalSection(SolutionProperties) = preSolution
		HideSolutionNode = FALSE
	EndGlobalSection
	GlobalSection(ExtensibilityGlobals) = postSolution
		SolutionGuid = {6DEC60A7-4407-4810-9BB7-111FF41DF216}
	EndGlobalSection
EndGlobal
